
Microsoft Visual Studio Solution File, Format Version 12.00
Project("{FAE04EC0-301F-11D3-BF4B-00C04F79EFBC}") = "WildBoar", "WildBoar\WildBoar.csproj", "{D88F710A-36D8-4687-8314-8776F10B871C}"
EndProject
Project("{FAE04EC0-301F-11D3-BF4B-00C04F79EFBC}") = "Domain", "Domain\Domain.csproj", "{14C7CB20-61F8-48C4-ABD9-55A78FEB622E}"
EndProject
Project("{FAE04EC0-301F-11D3-BF4B-00C04F79EFBC}") = "Service", "Service\Service.csproj", "{66E0B79A-CCAE-4092-B7D5-90136579F8D4}"
EndProject
Project("{FAE04EC0-301F-11D3-BF4B-00C04F79EFBC}") = "DAL.Entity", "DAL.Entity\DAL.Entity.csproj", "{0A7609CF-4E1B-4671-A975-384E6812904A}"
EndProject
Project("{2150E333-8FDC-42A3-9474-1A3956D46DE8}") = "Data Access Layer", "Data Access Layer", "{7188D04A-6ED1-4677-9C01-547AA6B2D4FC}"
EndProject
Project("{FAE04EC0-301F-11D3-BF4B-00C04F79EFBC}") = "DAL.EntityFramework", "DAL.EntityFramework\DAL.EntityFramework.csproj", "{485910E0-DA80-48C5-899F-E8272FCC53AD}"
EndProject
Global
	GlobalSection(SolutionConfigurationPlatforms) = preSolution
		Debug|Any CPU = Debug|Any CPU
		Release|Any CPU = Release|Any CPU
	EndGlobalSection
	GlobalSection(ProjectConfigurationPlatforms) = postSolution
		{D88F710A-36D8-4687-8314-8776F10B871C}.Debug|Any CPU.ActiveCfg = Debug|Any CPU
		{D88F710A-36D8-4687-8314-8776F10B871C}.Debug|Any CPU.Build.0 = Debug|Any CPU
		{D88F710A-36D8-4687-8314-8776F10B871C}.Release|Any CPU.ActiveCfg = Release|Any CPU
		{D88F710A-36D8-4687-8314-8776F10B871C}.Release|Any CPU.Build.0 = Release|Any CPU
		{14C7CB20-61F8-48C4-ABD9-55A78FEB622E}.Debug|Any CPU.ActiveCfg = Debug|Any CPU
		{14C7CB20-61F8-48C4-ABD9-55A78FEB622E}.Debug|Any CPU.Build.0 = Debug|Any CPU
		{14C7CB20-61F8-48C4-ABD9-55A78FEB622E}.Release|Any CPU.ActiveCfg = Release|Any CPU
		{14C7CB20-61F8-48C4-ABD9-55A78FEB622E}.Release|Any CPU.Build.0 = Release|Any CPU
		{66E0B79A-CCAE-4092-B7D5-90136579F8D4}.Debug|Any CPU.ActiveCfg = Debug|Any CPU
		{66E0B79A-CCAE-4092-B7D5-90136579F8D4}.Debug|Any CPU.Build.0 = Debug|Any CPU
		{66E0B79A-CCAE-4092-B7D5-90136579F8D4}.Release|Any CPU.ActiveCfg = Release|Any CPU
		{66E0B79A-CCAE-4092-B7D5-90136579F8D4}.Release|Any CPU.Build.0 = Release|Any CPU
		{0A7609CF-4E1B-4671-A975-384E6812904A}.Debug|Any CPU.ActiveCfg = Debug|Any CPU
		{0A7609CF-4E1B-4671-A975-384E6812904A}.Debug|Any CPU.Build.0 = Debug|Any CPU
		{0A7609CF-4E1B-4671-A975-384E6812904A}.Release|Any CPU.ActiveCfg = Release|Any CPU
		{0A7609CF-4E1B-4671-A975-384E6812904A}.Release|Any CPU.Build.0 = Release|Any CPU
		{485910E0-DA80-48C5-899F-E8272FCC53AD}.Debug|Any CPU.ActiveCfg = Debug|Any CPU
		{485910E0-DA80-48C5-899F-E8272FCC53AD}.Debug|Any CPU.Build.0 = Debug|Any CPU
		{485910E0-DA80-48C5-899F-E8272FCC53AD}.Release|Any CPU.ActiveCfg = Release|Any CPU
		{485910E0-DA80-48C5-899F-E8272FCC53AD}.Release|Any CPU.Build.0 = Release|Any CPU
	EndGlobalSection
	GlobalSection(NestedProjects) = preSolution
		{0A7609CF-4E1B-4671-A975-384E6812904A} = {7188D04A-6ED1-4677-9C01-547AA6B2D4FC}
		{485910E0-DA80-48C5-899F-E8272FCC53AD} = {7188D04A-6ED1-4677-9C01-547AA6B2D4FC}
	EndGlobalSection
EndGlobal
